// !$*UTF8*$!
{
	archiveVersion = 1;
	classes = {
	};
	objectVersion = 46;
	objects = {

/* Begin PBXBuildFile section */
		69A2593E1F6D60D8000F67B0 /* AppDelegate.swift in Sources */ = {isa = PBXBuildFile; fileRef = 69A2593D1F6D60D8000F67B0 /* AppDelegate.swift */; };
		69A259431F6D60D8000F67B0 /* Main.storyboard in Resources */ = {isa = PBXBuildFile; fileRef = 69A259411F6D60D8000F67B0 /* Main.storyboard */; };
		69A259451F6D60D8000F67B0 /* Assets.xcassets in Resources */ = {isa = PBXBuildFile; fileRef = 69A259441F6D60D8000F67B0 /* Assets.xcassets */; };
		69A259481F6D60D8000F67B0 /* LaunchScreen.storyboard in Resources */ = {isa = PBXBuildFile; fileRef = 69A259461F6D60D8000F67B0 /* LaunchScreen.storyboard */; };
		69B9CEC41F72AED90070BD37 /* Poppins-Black.ttf in Resources */ = {isa = PBXBuildFile; fileRef = 69B9CE7A1F72AED90070BD37 /* Poppins-Black.ttf */; };
		69B9CEC51F72AED90070BD37 /* Poppins-BlackItalic.ttf in Resources */ = {isa = PBXBuildFile; fileRef = 69B9CE7B1F72AED90070BD37 /* Poppins-BlackItalic.ttf */; };
		69B9CEC61F72AED90070BD37 /* Poppins-Bold.ttf in Resources */ = {isa = PBXBuildFile; fileRef = 69B9CE7C1F72AED90070BD37 /* Poppins-Bold.ttf */; };
		69B9CEC71F72AED90070BD37 /* Poppins-BoldItalic.ttf in Resources */ = {isa = PBXBuildFile; fileRef = 69B9CE7D1F72AED90070BD37 /* Poppins-BoldItalic.ttf */; };
		69B9CEC81F72AED90070BD37 /* Poppins-ExtraBold.ttf in Resources */ = {isa = PBXBuildFile; fileRef = 69B9CE7E1F72AED90070BD37 /* Poppins-ExtraBold.ttf */; };
		69B9CEC91F72AED90070BD37 /* Poppins-ExtraBoldItalic.ttf in Resources */ = {isa = PBXBuildFile; fileRef = 69B9CE7F1F72AED90070BD37 /* Poppins-ExtraBoldItalic.ttf */; };
		69B9CECA1F72AED90070BD37 /* Poppins-ExtraLight.ttf in Resources */ = {isa = PBXBuildFile; fileRef = 69B9CE801F72AED90070BD37 /* Poppins-ExtraLight.ttf */; };
		69B9CECB1F72AED90070BD37 /* Poppins-ExtraLightItalic.ttf in Resources */ = {isa = PBXBuildFile; fileRef = 69B9CE811F72AED90070BD37 /* Poppins-ExtraLightItalic.ttf */; };
		69B9CECC1F72AED90070BD37 /* Poppins-Italic.ttf in Resources */ = {isa = PBXBuildFile; fileRef = 69B9CE821F72AED90070BD37 /* Poppins-Italic.ttf */; };
		69B9CECD1F72AED90070BD37 /* Poppins-Light.ttf in Resources */ = {isa = PBXBuildFile; fileRef = 69B9CE831F72AED90070BD37 /* Poppins-Light.ttf */; };
		69B9CECE1F72AED90070BD37 /* Poppins-LightItalic.ttf in Resources */ = {isa = PBXBuildFile; fileRef = 69B9CE841F72AED90070BD37 /* Poppins-LightItalic.ttf */; };
		69B9CECF1F72AED90070BD37 /* Poppins-Medium.ttf in Resources */ = {isa = PBXBuildFile; fileRef = 69B9CE851F72AED90070BD37 /* Poppins-Medium.ttf */; };
		69B9CED01F72AED90070BD37 /* Poppins-MediumItalic.ttf in Resources */ = {isa = PBXBuildFile; fileRef = 69B9CE861F72AED90070BD37 /* Poppins-MediumItalic.ttf */; };
		69B9CED11F72AED90070BD37 /* Poppins-Regular.ttf in Resources */ = {isa = PBXBuildFile; fileRef = 69B9CE871F72AED90070BD37 /* Poppins-Regular.ttf */; };
		69B9CED21F72AED90070BD37 /* Poppins-SemiBold.ttf in Resources */ = {isa = PBXBuildFile; fileRef = 69B9CE881F72AED90070BD37 /* Poppins-SemiBold.ttf */; };
		69B9CED31F72AED90070BD37 /* Poppins-SemiBoldItalic.ttf in Resources */ = {isa = PBXBuildFile; fileRef = 69B9CE891F72AED90070BD37 /* Poppins-SemiBoldItalic.ttf */; };
		69B9CED41F72AED90070BD37 /* Poppins-Thin.ttf in Resources */ = {isa = PBXBuildFile; fileRef = 69B9CE8A1F72AED90070BD37 /* Poppins-Thin.ttf */; };
		69B9CED51F72AED90070BD37 /* Poppins-ThinItalic.ttf in Resources */ = {isa = PBXBuildFile; fileRef = 69B9CE8B1F72AED90070BD37 /* Poppins-ThinItalic.ttf */; };
		69B9CED61F72AED90070BD37 /* AnnouncementCollectionViewCell.swift in Sources */ = {isa = PBXBuildFile; fileRef = 69B9CE8D1F72AED90070BD37 /* AnnouncementCollectionViewCell.swift */; };
		69B9CED71F72AED90070BD37 /* DoctorAppointmentCollectionViewCell.swift in Sources */ = {isa = PBXBuildFile; fileRef = 69B9CE8E1F72AED90070BD37 /* DoctorAppointmentCollectionViewCell.swift */; };
		69B9CED81F72AED90070BD37 /* GradientView.swift in Sources */ = {isa = PBXBuildFile; fileRef = 69B9CE8F1F72AED90070BD37 /* GradientView.swift */; };
		69B9CED91F72AED90070BD37 /* LeftMenuTableViewCell.swift in Sources */ = {isa = PBXBuildFile; fileRef = 69B9CE901F72AED90070BD37 /* LeftMenuTableViewCell.swift */; };
		69B9CEDA1F72AED90070BD37 /* PatientCollectionViewCell.swift in Sources */ = {isa = PBXBuildFile; fileRef = 69B9CE911F72AED90070BD37 /* PatientCollectionViewCell.swift */; };
		69B9CEDB1F72AED90070BD37 /* SearchDoctorCollectionViewCell.swift in Sources */ = {isa = PBXBuildFile; fileRef = 69B9CE921F72AED90070BD37 /* SearchDoctorCollectionViewCell.swift */; };
		69B9CEDC1F72AED90070BD37 /* ApplicationManager.swift in Sources */ = {isa = PBXBuildFile; fileRef = 69B9CE941F72AED90070BD37 /* ApplicationManager.swift */; };
		69B9CEDD1F72AED90070BD37 /* Constants.swift in Sources */ = {isa = PBXBuildFile; fileRef = 69B9CE951F72AED90070BD37 /* Constants.swift */; };
		69B9CEDE1F72AED90070BD37 /* Configuration.swift in Sources */ = {isa = PBXBuildFile; fileRef = 69B9CE971F72AED90070BD37 /* Configuration.swift */; };
		69B9CEDF1F72AED90070BD37 /* DayCell.swift in Sources */ = {isa = PBXBuildFile; fileRef = 69B9CE981F72AED90070BD37 /* DayCell.swift */; };
		69B9CEE01F72AED90070BD37 /* DayCell.xib in Resources */ = {isa = PBXBuildFile; fileRef = 69B9CE991F72AED90070BD37 /* DayCell.xib */; };
		69B9CEE11F72AED90070BD37 /* LoadableFromXibView.swift in Sources */ = {isa = PBXBuildFile; fileRef = 69B9CE9A1F72AED90070BD37 /* LoadableFromXibView.swift */; };
		69B9CEE21F72AED90070BD37 /* ScrollableDatepicker.swift in Sources */ = {isa = PBXBuildFile; fileRef = 69B9CE9B1F72AED90070BD37 /* ScrollableDatepicker.swift */; };
		69B9CEE31F72AED90070BD37 /* ScrollableDatepicker.xib in Resources */ = {isa = PBXBuildFile; fileRef = 69B9CE9C1F72AED90070BD37 /* ScrollableDatepicker.xib */; };
		69B9CEE41F72AED90070BD37 /* DZImageView.swift in Sources */ = {isa = PBXBuildFile; fileRef = 69B9CE9D1F72AED90070BD37 /* DZImageView.swift */; };
		69B9CEE51F72AED90070BD37 /* Router.swift in Sources */ = {isa = PBXBuildFile; fileRef = 69B9CE9E1F72AED90070BD37 /* Router.swift */; };
		69B9CEE61F72AED90070BD37 /* AsyncButton.swift in Sources */ = {isa = PBXBuildFile; fileRef = 69B9CEA01F72AED90070BD37 /* AsyncButton.swift */; };
		69B9CEE71F72AED90070BD37 /* AsyncImageView.swift in Sources */ = {isa = PBXBuildFile; fileRef = 69B9CEA11F72AED90070BD37 /* AsyncImageView.swift */; };
		69B9CEE81F72AED90070BD37 /* AutoTextView.swift in Sources */ = {isa = PBXBuildFile; fileRef = 69B9CEA21F72AED90070BD37 /* AutoTextView.swift */; };
		69B9CEE91F72AED90070BD37 /* BlurView.swift in Sources */ = {isa = PBXBuildFile; fileRef = 69B9CEA31F72AED90070BD37 /* BlurView.swift */; };
		69B9CEEA1F72AED90070BD37 /* DesignableButton.swift in Sources */ = {isa = PBXBuildFile; fileRef = 69B9CEA41F72AED90070BD37 /* DesignableButton.swift */; };
		69B9CEEB1F72AED90070BD37 /* DesignableImageView.swift in Sources */ = {isa = PBXBuildFile; fileRef = 69B9CEA51F72AED90070BD37 /* DesignableImageView.swift */; };
		69B9CEEC1F72AED90070BD37 /* DesignableLabel.swift in Sources */ = {isa = PBXBuildFile; fileRef = 69B9CEA61F72AED90070BD37 /* DesignableLabel.swift */; };
		69B9CEED1F72AED90070BD37 /* DesignableTabBarController.swift in Sources */ = {isa = PBXBuildFile; fileRef = 69B9CEA71F72AED90070BD37 /* DesignableTabBarController.swift */; };
		69B9CEEE1F72AED90070BD37 /* DesignableTextField.swift in Sources */ = {isa = PBXBuildFile; fileRef = 69B9CEA81F72AED90070BD37 /* DesignableTextField.swift */; };
		69B9CEEF1F72AED90070BD37 /* DesignableTextView.swift in Sources */ = {isa = PBXBuildFile; fileRef = 69B9CEA91F72AED90070BD37 /* DesignableTextView.swift */; };
		69B9CEF01F72AED90070BD37 /* DesignableView.swift in Sources */ = {isa = PBXBuildFile; fileRef = 69B9CEAA1F72AED90070BD37 /* DesignableView.swift */; };
		69B9CEF11F72AED90070BD37 /* ImageLoader.swift in Sources */ = {isa = PBXBuildFile; fileRef = 69B9CEAB1F72AED90070BD37 /* ImageLoader.swift */; };
		69B9CEF21F72AED90070BD37 /* Info.plist in Resources */ = {isa = PBXBuildFile; fileRef = 69B9CEAC1F72AED90070BD37 /* Info.plist */; };
		69B9CEF31F72AED90070BD37 /* KeyboardLayoutConstraint.swift in Sources */ = {isa = PBXBuildFile; fileRef = 69B9CEAD1F72AED90070BD37 /* KeyboardLayoutConstraint.swift */; };
		69B9CEF41F72AED90070BD37 /* LoadingView.swift in Sources */ = {isa = PBXBuildFile; fileRef = 69B9CEAE1F72AED90070BD37 /* LoadingView.swift */; };
		69B9CEF51F72AED90070BD37 /* LoadingView.xib in Resources */ = {isa = PBXBuildFile; fileRef = 69B9CEAF1F72AED90070BD37 /* LoadingView.xib */; };
		69B9CEF61F72AED90070BD37 /* Misc.swift in Sources */ = {isa = PBXBuildFile; fileRef = 69B9CEB01F72AED90070BD37 /* Misc.swift */; };
		69B9CEF71F72AED90070BD37 /* SoundPlayer.swift in Sources */ = {isa = PBXBuildFile; fileRef = 69B9CEB11F72AED90070BD37 /* SoundPlayer.swift */; };
		69B9CEF81F72AED90070BD37 /* Spring.swift in Sources */ = {isa = PBXBuildFile; fileRef = 69B9CEB31F72AED90070BD37 /* Spring.swift */; };
		69B9CEF91F72AED90070BD37 /* SpringAnimation.swift in Sources */ = {isa = PBXBuildFile; fileRef = 69B9CEB41F72AED90070BD37 /* SpringAnimation.swift */; };
		69B9CEFA1F72AED90070BD37 /* SpringButton.swift in Sources */ = {isa = PBXBuildFile; fileRef = 69B9CEB51F72AED90070BD37 /* SpringButton.swift */; };
		69B9CEFB1F72AED90070BD37 /* SpringImageView.swift in Sources */ = {isa = PBXBuildFile; fileRef = 69B9CEB61F72AED90070BD37 /* SpringImageView.swift */; };
		69B9CEFC1F72AED90070BD37 /* SpringLabel.swift in Sources */ = {isa = PBXBuildFile; fileRef = 69B9CEB71F72AED90070BD37 /* SpringLabel.swift */; };
		69B9CEFD1F72AED90070BD37 /* SpringTextField.swift in Sources */ = {isa = PBXBuildFile; fileRef = 69B9CEB81F72AED90070BD37 /* SpringTextField.swift */; };
		69B9CEFE1F72AED90070BD37 /* SpringTextView.swift in Sources */ = {isa = PBXBuildFile; fileRef = 69B9CEB91F72AED90070BD37 /* SpringTextView.swift */; };
		69B9CEFF1F72AED90070BD37 /* SpringView.swift in Sources */ = {isa = PBXBuildFile; fileRef = 69B9CEBA1F72AED90070BD37 /* SpringView.swift */; };
		69B9CF001F72AED90070BD37 /* TransitionManager.swift in Sources */ = {isa = PBXBuildFile; fileRef = 69B9CEBB1F72AED90070BD37 /* TransitionManager.swift */; };
		69B9CF011F72AED90070BD37 /* TransitionZoom.swift in Sources */ = {isa = PBXBuildFile; fileRef = 69B9CEBC1F72AED90070BD37 /* TransitionZoom.swift */; };
		69B9CF021F72AED90070BD37 /* UnwindSegue.swift in Sources */ = {isa = PBXBuildFile; fileRef = 69B9CEBD1F72AED90070BD37 /* UnwindSegue.swift */; };
		69B9CF031F72AED90070BD37 /* Styles.swift in Sources */ = {isa = PBXBuildFile; fileRef = 69B9CEBE1F72AED90070BD37 /* Styles.swift */; };
		69B9CF041F72AED90070BD37 /* UtilityManager.swift in Sources */ = {isa = PBXBuildFile; fileRef = 69B9CEBF1F72AED90070BD37 /* UtilityManager.swift */; };
		69B9CF051F72AED90070BD37 /* SignInViewController.swift in Sources */ = {isa = PBXBuildFile; fileRef = 69B9CEC21F72AED90070BD37 /* SignInViewController.swift */; };
		69B9CF061F72AED90070BD37 /* SignUpViewController.swift in Sources */ = {isa = PBXBuildFile; fileRef = 69B9CEC31F72AED90070BD37 /* SignUpViewController.swift */; };
/* End PBXBuildFile section */

/* Begin PBXFileReference section */
		69A2593A1F6D60D8000F67B0 /* Connectivity.app */ = {isa = PBXFileReference; explicitFileType = wrapper.application; includeInIndex = 0; path = Connectivity.app; sourceTree = BUILT_PRODUCTS_DIR; };
		69A2593D1F6D60D8000F67B0 /* AppDelegate.swift */ = {isa = PBXFileReference; lastKnownFileType = sourcecode.swift; path = AppDelegate.swift; sourceTree = "<group>"; };
		69A259421F6D60D8000F67B0 /* Base */ = {isa = PBXFileReference; lastKnownFileType = file.storyboard; name = Base; path = Base.lproj/Main.storyboard; sourceTree = "<group>"; };
		69A259441F6D60D8000F67B0 /* Assets.xcassets */ = {isa = PBXFileReference; lastKnownFileType = folder.assetcatalog; path = Assets.xcassets; sourceTree = "<group>"; };
		69A259471F6D60D8000F67B0 /* Base */ = {isa = PBXFileReference; lastKnownFileType = file.storyboard; name = Base; path = Base.lproj/LaunchScreen.storyboard; sourceTree = "<group>"; };
		69A259491F6D60D8000F67B0 /* Info.plist */ = {isa = PBXFileReference; lastKnownFileType = text.plist.xml; path = Info.plist; sourceTree = "<group>"; };
		69B9CE7A1F72AED90070BD37 /* Poppins-Black.ttf */ = {isa = PBXFileReference; lastKnownFileType = file; path = "Poppins-Black.ttf"; sourceTree = "<group>"; };
		69B9CE7B1F72AED90070BD37 /* Poppins-BlackItalic.ttf */ = {isa = PBXFileReference; lastKnownFileType = file; path = "Poppins-BlackItalic.ttf"; sourceTree = "<group>"; };
		69B9CE7C1F72AED90070BD37 /* Poppins-Bold.ttf */ = {isa = PBXFileReference; lastKnownFileType = file; path = "Poppins-Bold.ttf"; sourceTree = "<group>"; };
		69B9CE7D1F72AED90070BD37 /* Poppins-BoldItalic.ttf */ = {isa = PBXFileReference; lastKnownFileType = file; path = "Poppins-BoldItalic.ttf"; sourceTree = "<group>"; };
		69B9CE7E1F72AED90070BD37 /* Poppins-ExtraBold.ttf */ = {isa = PBXFileReference; lastKnownFileType = file; path = "Poppins-ExtraBold.ttf"; sourceTree = "<group>"; };
		69B9CE7F1F72AED90070BD37 /* Poppins-ExtraBoldItalic.ttf */ = {isa = PBXFileReference; lastKnownFileType = file; path = "Poppins-ExtraBoldItalic.ttf"; sourceTree = "<group>"; };
		69B9CE801F72AED90070BD37 /* Poppins-ExtraLight.ttf */ = {isa = PBXFileReference; lastKnownFileType = file; path = "Poppins-ExtraLight.ttf"; sourceTree = "<group>"; };
		69B9CE811F72AED90070BD37 /* Poppins-ExtraLightItalic.ttf */ = {isa = PBXFileReference; lastKnownFileType = file; path = "Poppins-ExtraLightItalic.ttf"; sourceTree = "<group>"; };
		69B9CE821F72AED90070BD37 /* Poppins-Italic.ttf */ = {isa = PBXFileReference; lastKnownFileType = file; path = "Poppins-Italic.ttf"; sourceTree = "<group>"; };
		69B9CE831F72AED90070BD37 /* Poppins-Light.ttf */ = {isa = PBXFileReference; lastKnownFileType = file; path = "Poppins-Light.ttf"; sourceTree = "<group>"; };
		69B9CE841F72AED90070BD37 /* Poppins-LightItalic.ttf */ = {isa = PBXFileReference; lastKnownFileType = file; path = "Poppins-LightItalic.ttf"; sourceTree = "<group>"; };
		69B9CE851F72AED90070BD37 /* Poppins-Medium.ttf */ = {isa = PBXFileReference; lastKnownFileType = file; path = "Poppins-Medium.ttf"; sourceTree = "<group>"; };
		69B9CE861F72AED90070BD37 /* Poppins-MediumItalic.ttf */ = {isa = PBXFileReference; lastKnownFileType = file; path = "Poppins-MediumItalic.ttf"; sourceTree = "<group>"; };
		69B9CE871F72AED90070BD37 /* Poppins-Regular.ttf */ = {isa = PBXFileReference; lastKnownFileType = file; path = "Poppins-Regular.ttf"; sourceTree = "<group>"; };
		69B9CE881F72AED90070BD37 /* Poppins-SemiBold.ttf */ = {isa = PBXFileReference; lastKnownFileType = file; path = "Poppins-SemiBold.ttf"; sourceTree = "<group>"; };
		69B9CE891F72AED90070BD37 /* Poppins-SemiBoldItalic.ttf */ = {isa = PBXFileReference; lastKnownFileType = file; path = "Poppins-SemiBoldItalic.ttf"; sourceTree = "<group>"; };
		69B9CE8A1F72AED90070BD37 /* Poppins-Thin.ttf */ = {isa = PBXFileReference; lastKnownFileType = file; path = "Poppins-Thin.ttf"; sourceTree = "<group>"; };
		69B9CE8B1F72AED90070BD37 /* Poppins-ThinItalic.ttf */ = {isa = PBXFileReference; lastKnownFileType = file; path = "Poppins-ThinItalic.ttf"; sourceTree = "<group>"; };
		69B9CE8D1F72AED90070BD37 /* AnnouncementCollectionViewCell.swift */ = {isa = PBXFileReference; fileEncoding = 4; lastKnownFileType = sourcecode.swift; path = AnnouncementCollectionViewCell.swift; sourceTree = "<group>"; };
		69B9CE8E1F72AED90070BD37 /* DoctorAppointmentCollectionViewCell.swift */ = {isa = PBXFileReference; fileEncoding = 4; lastKnownFileType = sourcecode.swift; path = DoctorAppointmentCollectionViewCell.swift; sourceTree = "<group>"; };
		69B9CE8F1F72AED90070BD37 /* GradientView.swift */ = {isa = PBXFileReference; fileEncoding = 4; lastKnownFileType = sourcecode.swift; path = GradientView.swift; sourceTree = "<group>"; };
		69B9CE901F72AED90070BD37 /* LeftMenuTableViewCell.swift */ = {isa = PBXFileReference; fileEncoding = 4; lastKnownFileType = sourcecode.swift; path = LeftMenuTableViewCell.swift; sourceTree = "<group>"; };
		69B9CE911F72AED90070BD37 /* PatientCollectionViewCell.swift */ = {isa = PBXFileReference; fileEncoding = 4; lastKnownFileType = sourcecode.swift; path = PatientCollectionViewCell.swift; sourceTree = "<group>"; };
		69B9CE921F72AED90070BD37 /* SearchDoctorCollectionViewCell.swift */ = {isa = PBXFileReference; fileEncoding = 4; lastKnownFileType = sourcecode.swift; path = SearchDoctorCollectionViewCell.swift; sourceTree = "<group>"; };
		69B9CE941F72AED90070BD37 /* ApplicationManager.swift */ = {isa = PBXFileReference; fileEncoding = 4; lastKnownFileType = sourcecode.swift; path = ApplicationManager.swift; sourceTree = "<group>"; };
		69B9CE951F72AED90070BD37 /* Constants.swift */ = {isa = PBXFileReference; fileEncoding = 4; lastKnownFileType = sourcecode.swift; path = Constants.swift; sourceTree = "<group>"; };
		69B9CE971F72AED90070BD37 /* Configuration.swift */ = {isa = PBXFileReference; fileEncoding = 4; lastKnownFileType = sourcecode.swift; path = Configuration.swift; sourceTree = "<group>"; };
		69B9CE981F72AED90070BD37 /* DayCell.swift */ = {isa = PBXFileReference; fileEncoding = 4; lastKnownFileType = sourcecode.swift; path = DayCell.swift; sourceTree = "<group>"; };
		69B9CE991F72AED90070BD37 /* DayCell.xib */ = {isa = PBXFileReference; fileEncoding = 4; lastKnownFileType = file.xib; path = DayCell.xib; sourceTree = "<group>"; };
		69B9CE9A1F72AED90070BD37 /* LoadableFromXibView.swift */ = {isa = PBXFileReference; fileEncoding = 4; lastKnownFileType = sourcecode.swift; path = LoadableFromXibView.swift; sourceTree = "<group>"; };
		69B9CE9B1F72AED90070BD37 /* ScrollableDatepicker.swift */ = {isa = PBXFileReference; fileEncoding = 4; lastKnownFileType = sourcecode.swift; path = ScrollableDatepicker.swift; sourceTree = "<group>"; };
		69B9CE9C1F72AED90070BD37 /* ScrollableDatepicker.xib */ = {isa = PBXFileReference; fileEncoding = 4; lastKnownFileType = file.xib; path = ScrollableDatepicker.xib; sourceTree = "<group>"; };
		69B9CE9D1F72AED90070BD37 /* DZImageView.swift */ = {isa = PBXFileReference; fileEncoding = 4; lastKnownFileType = sourcecode.swift; path = DZImageView.swift; sourceTree = "<group>"; };
		69B9CE9E1F72AED90070BD37 /* Router.swift */ = {isa = PBXFileReference; fileEncoding = 4; lastKnownFileType = sourcecode.swift; path = Router.swift; sourceTree = "<group>"; };
		69B9CEA01F72AED90070BD37 /* AsyncButton.swift */ = {isa = PBXFileReference; fileEncoding = 4; lastKnownFileType = sourcecode.swift; path = AsyncButton.swift; sourceTree = "<group>"; };
		69B9CEA11F72AED90070BD37 /* AsyncImageView.swift */ = {isa = PBXFileReference; fileEncoding = 4; lastKnownFileType = sourcecode.swift; path = AsyncImageView.swift; sourceTree = "<group>"; };
		69B9CEA21F72AED90070BD37 /* AutoTextView.swift */ = {isa = PBXFileReference; fileEncoding = 4; lastKnownFileType = sourcecode.swift; path = AutoTextView.swift; sourceTree = "<group>"; };
		69B9CEA31F72AED90070BD37 /* BlurView.swift */ = {isa = PBXFileReference; fileEncoding = 4; lastKnownFileType = sourcecode.swift; path = BlurView.swift; sourceTree = "<group>"; };
		69B9CEA41F72AED90070BD37 /* DesignableButton.swift */ = {isa = PBXFileReference; fileEncoding = 4; lastKnownFileType = sourcecode.swift; path = DesignableButton.swift; sourceTree = "<group>"; };
		69B9CEA51F72AED90070BD37 /* DesignableImageView.swift */ = {isa = PBXFileReference; fileEncoding = 4; lastKnownFileType = sourcecode.swift; path = DesignableImageView.swift; sourceTree = "<group>"; };
		69B9CEA61F72AED90070BD37 /* DesignableLabel.swift */ = {isa = PBXFileReference; fileEncoding = 4; lastKnownFileType = sourcecode.swift; path = DesignableLabel.swift; sourceTree = "<group>"; };
		69B9CEA71F72AED90070BD37 /* DesignableTabBarController.swift */ = {isa = PBXFileReference; fileEncoding = 4; lastKnownFileType = sourcecode.swift; path = DesignableTabBarController.swift; sourceTree = "<group>"; };
		69B9CEA81F72AED90070BD37 /* DesignableTextField.swift */ = {isa = PBXFileReference; fileEncoding = 4; lastKnownFileType = sourcecode.swift; path = DesignableTextField.swift; sourceTree = "<group>"; };
		69B9CEA91F72AED90070BD37 /* DesignableTextView.swift */ = {isa = PBXFileReference; fileEncoding = 4; lastKnownFileType = sourcecode.swift; path = DesignableTextView.swift; sourceTree = "<group>"; };
		69B9CEAA1F72AED90070BD37 /* DesignableView.swift */ = {isa = PBXFileReference; fileEncoding = 4; lastKnownFileType = sourcecode.swift; path = DesignableView.swift; sourceTree = "<group>"; };
		69B9CEAB1F72AED90070BD37 /* ImageLoader.swift */ = {isa = PBXFileReference; fileEncoding = 4; lastKnownFileType = sourcecode.swift; path = ImageLoader.swift; sourceTree = "<group>"; };
		69B9CEAC1F72AED90070BD37 /* Info.plist */ = {isa = PBXFileReference; fileEncoding = 4; lastKnownFileType = text.plist.xml; path = Info.plist; sourceTree = "<group>"; };
		69B9CEAD1F72AED90070BD37 /* KeyboardLayoutConstraint.swift */ = {isa = PBXFileReference; fileEncoding = 4; lastKnownFileType = sourcecode.swift; path = KeyboardLayoutConstraint.swift; sourceTree = "<group>"; };
		69B9CEAE1F72AED90070BD37 /* LoadingView.swift */ = {isa = PBXFileReference; fileEncoding = 4; lastKnownFileType = sourcecode.swift; path = LoadingView.swift; sourceTree = "<group>"; };
		69B9CEAF1F72AED90070BD37 /* LoadingView.xib */ = {isa = PBXFileReference; fileEncoding = 4; lastKnownFileType = file.xib; path = LoadingView.xib; sourceTree = "<group>"; };
		69B9CEB01F72AED90070BD37 /* Misc.swift */ = {isa = PBXFileReference; fileEncoding = 4; lastKnownFileType = sourcecode.swift; path = Misc.swift; sourceTree = "<group>"; };
		69B9CEB11F72AED90070BD37 /* SoundPlayer.swift */ = {isa = PBXFileReference; fileEncoding = 4; lastKnownFileType = sourcecode.swift; path = SoundPlayer.swift; sourceTree = "<group>"; };
		69B9CEB21F72AED90070BD37 /* Spring.h */ = {isa = PBXFileReference; fileEncoding = 4; lastKnownFileType = sourcecode.c.h; path = Spring.h; sourceTree = "<group>"; };
		69B9CEB31F72AED90070BD37 /* Spring.swift */ = {isa = PBXFileReference; fileEncoding = 4; lastKnownFileType = sourcecode.swift; path = Spring.swift; sourceTree = "<group>"; };
		69B9CEB41F72AED90070BD37 /* SpringAnimation.swift */ = {isa = PBXFileReference; fileEncoding = 4; lastKnownFileType = sourcecode.swift; path = SpringAnimation.swift; sourceTree = "<group>"; };
		69B9CEB51F72AED90070BD37 /* SpringButton.swift */ = {isa = PBXFileReference; fileEncoding = 4; lastKnownFileType = sourcecode.swift; path = SpringButton.swift; sourceTree = "<group>"; };
		69B9CEB61F72AED90070BD37 /* SpringImageView.swift */ = {isa = PBXFileReference; fileEncoding = 4; lastKnownFileType = sourcecode.swift; path = SpringImageView.swift; sourceTree = "<group>"; };
		69B9CEB71F72AED90070BD37 /* SpringLabel.swift */ = {isa = PBXFileReference; fileEncoding = 4; lastKnownFileType = sourcecode.swift; path = SpringLabel.swift; sourceTree = "<group>"; };
		69B9CEB81F72AED90070BD37 /* SpringTextField.swift */ = {isa = PBXFileReference; fileEncoding = 4; lastKnownFileType = sourcecode.swift; path = SpringTextField.swift; sourceTree = "<group>"; };
		69B9CEB91F72AED90070BD37 /* SpringTextView.swift */ = {isa = PBXFileReference; fileEncoding = 4; lastKnownFileType = sourcecode.swift; path = SpringTextView.swift; sourceTree = "<group>"; };
		69B9CEBA1F72AED90070BD37 /* SpringView.swift */ = {isa = PBXFileReference; fileEncoding = 4; lastKnownFileType = sourcecode.swift; path = SpringView.swift; sourceTree = "<group>"; };
		69B9CEBB1F72AED90070BD37 /* TransitionManager.swift */ = {isa = PBXFileReference; fileEncoding = 4; lastKnownFileType = sourcecode.swift; path = TransitionManager.swift; sourceTree = "<group>"; };
		69B9CEBC1F72AED90070BD37 /* TransitionZoom.swift */ = {isa = PBXFileReference; fileEncoding = 4; lastKnownFileType = sourcecode.swift; path = TransitionZoom.swift; sourceTree = "<group>"; };
		69B9CEBD1F72AED90070BD37 /* UnwindSegue.swift */ = {isa = PBXFileReference; fileEncoding = 4; lastKnownFileType = sourcecode.swift; path = UnwindSegue.swift; sourceTree = "<group>"; };
		69B9CEBE1F72AED90070BD37 /* Styles.swift */ = {isa = PBXFileReference; fileEncoding = 4; lastKnownFileType = sourcecode.swift; path = Styles.swift; sourceTree = "<group>"; };
		69B9CEBF1F72AED90070BD37 /* UtilityManager.swift */ = {isa = PBXFileReference; fileEncoding = 4; lastKnownFileType = sourcecode.swift; path = UtilityManager.swift; sourceTree = "<group>"; };
		69B9CEC21F72AED90070BD37 /* SignInViewController.swift */ = {isa = PBXFileReference; fileEncoding = 4; lastKnownFileType = sourcecode.swift; path = SignInViewController.swift; sourceTree = "<group>"; };
		69B9CEC31F72AED90070BD37 /* SignUpViewController.swift */ = {isa = PBXFileReference; fileEncoding = 4; lastKnownFileType = sourcecode.swift; path = SignUpViewController.swift; sourceTree = "<group>"; };
/* End PBXFileReference section */

/* Begin PBXFrameworksBuildPhase section */
		69A259371F6D60D8000F67B0 /* Frameworks */ = {
			isa = PBXFrameworksBuildPhase;
			buildActionMask = 2147483647;
			files = (
			);
			runOnlyForDeploymentPostprocessing = 0;
		};
/* End PBXFrameworksBuildPhase section */

/* Begin PBXGroup section */
		69A259311F6D60D8000F67B0 = {
			isa = PBXGroup;
			children = (
				69A2593C1F6D60D8000F67B0 /* Connectivity */,
				69A2593B1F6D60D8000F67B0 /* Products */,
			);
			sourceTree = "<group>";
		};
		69A2593B1F6D60D8000F67B0 /* Products */ = {
			isa = PBXGroup;
			children = (
				69A2593A1F6D60D8000F67B0 /* Connectivity.app */,
			);
			name = Products;
			sourceTree = "<group>";
		};
		69A2593C1F6D60D8000F67B0 /* Connectivity */ = {
			isa = PBXGroup;
			children = (
				69B9CE791F72AED90070BD37 /* Fonts */,
				69B9CE8C1F72AED90070BD37 /* Views */,
				69B9CE931F72AED90070BD37 /* Utilities */,
				69B9CEC01F72AED90070BD37 /* Models */,
				69B9CEC11F72AED90070BD37 /* Controllers */,
				69A2593D1F6D60D8000F67B0 /* AppDelegate.swift */,
				69A259411F6D60D8000F67B0 /* Main.storyboard */,
				69A259441F6D60D8000F67B0 /* Assets.xcassets */,
				69A259461F6D60D8000F67B0 /* LaunchScreen.storyboard */,
				69A259491F6D60D8000F67B0 /* Info.plist */,
			);
			path = Connectivity;
			sourceTree = "<group>";
		};
		69B9CE791F72AED90070BD37 /* Fonts */ = {
			isa = PBXGroup;
			children = (
				69B9CE7A1F72AED90070BD37 /* Poppins-Black.ttf */,
				69B9CE7B1F72AED90070BD37 /* Poppins-BlackItalic.ttf */,
				69B9CE7C1F72AED90070BD37 /* Poppins-Bold.ttf */,
				69B9CE7D1F72AED90070BD37 /* Poppins-BoldItalic.ttf */,
				69B9CE7E1F72AED90070BD37 /* Poppins-ExtraBold.ttf */,
				69B9CE7F1F72AED90070BD37 /* Poppins-ExtraBoldItalic.ttf */,
				69B9CE801F72AED90070BD37 /* Poppins-ExtraLight.ttf */,
				69B9CE811F72AED90070BD37 /* Poppins-ExtraLightItalic.ttf */,
				69B9CE821F72AED90070BD37 /* Poppins-Italic.ttf */,
				69B9CE831F72AED90070BD37 /* Poppins-Light.ttf */,
				69B9CE841F72AED90070BD37 /* Poppins-LightItalic.ttf */,
				69B9CE851F72AED90070BD37 /* Poppins-Medium.ttf */,
				69B9CE861F72AED90070BD37 /* Poppins-MediumItalic.ttf */,
				69B9CE871F72AED90070BD37 /* Poppins-Regular.ttf */,
				69B9CE881F72AED90070BD37 /* Poppins-SemiBold.ttf */,
				69B9CE891F72AED90070BD37 /* Poppins-SemiBoldItalic.ttf */,
				69B9CE8A1F72AED90070BD37 /* Poppins-Thin.ttf */,
				69B9CE8B1F72AED90070BD37 /* Poppins-ThinItalic.ttf */,
			);
			path = Fonts;
			sourceTree = "<group>";
		};
		69B9CE8C1F72AED90070BD37 /* Views */ = {
			isa = PBXGroup;
			children = (
				69B9CE8D1F72AED90070BD37 /* AnnouncementCollectionViewCell.swift */,
				69B9CE8E1F72AED90070BD37 /* DoctorAppointmentCollectionViewCell.swift */,
				69B9CE8F1F72AED90070BD37 /* GradientView.swift */,
				69B9CE901F72AED90070BD37 /* LeftMenuTableViewCell.swift */,
				69B9CE911F72AED90070BD37 /* PatientCollectionViewCell.swift */,
				69B9CE921F72AED90070BD37 /* SearchDoctorCollectionViewCell.swift */,
			);
			path = Views;
			sourceTree = "<group>";
		};
		69B9CE931F72AED90070BD37 /* Utilities */ = {
			isa = PBXGroup;
			children = (
				69B9CE941F72AED90070BD37 /* ApplicationManager.swift */,
				69B9CE951F72AED90070BD37 /* Constants.swift */,
				69B9CE961F72AED90070BD37 /* DatePicker */,
				69B9CE9D1F72AED90070BD37 /* DZImageView.swift */,
				69B9CE9E1F72AED90070BD37 /* Router.swift */,
				69B9CE9F1F72AED90070BD37 /* Spring */,
				69B9CEBE1F72AED90070BD37 /* Styles.swift */,
				69B9CEBF1F72AED90070BD37 /* UtilityManager.swift */,
			);
			path = Utilities;
			sourceTree = "<group>";
		};
		69B9CE961F72AED90070BD37 /* DatePicker */ = {
			isa = PBXGroup;
			children = (
				69B9CE971F72AED90070BD37 /* Configuration.swift */,
				69B9CE981F72AED90070BD37 /* DayCell.swift */,
				69B9CE991F72AED90070BD37 /* DayCell.xib */,
				69B9CE9A1F72AED90070BD37 /* LoadableFromXibView.swift */,
				69B9CE9B1F72AED90070BD37 /* ScrollableDatepicker.swift */,
				69B9CE9C1F72AED90070BD37 /* ScrollableDatepicker.xib */,
			);
			path = DatePicker;
			sourceTree = "<group>";
		};
		69B9CE9F1F72AED90070BD37 /* Spring */ = {
			isa = PBXGroup;
			children = (
				69B9CEA01F72AED90070BD37 /* AsyncButton.swift */,
				69B9CEA11F72AED90070BD37 /* AsyncImageView.swift */,
				69B9CEA21F72AED90070BD37 /* AutoTextView.swift */,
				69B9CEA31F72AED90070BD37 /* BlurView.swift */,
				69B9CEA41F72AED90070BD37 /* DesignableButton.swift */,
				69B9CEA51F72AED90070BD37 /* DesignableImageView.swift */,
				69B9CEA61F72AED90070BD37 /* DesignableLabel.swift */,
				69B9CEA71F72AED90070BD37 /* DesignableTabBarController.swift */,
				69B9CEA81F72AED90070BD37 /* DesignableTextField.swift */,
				69B9CEA91F72AED90070BD37 /* DesignableTextView.swift */,
				69B9CEAA1F72AED90070BD37 /* DesignableView.swift */,
				69B9CEAB1F72AED90070BD37 /* ImageLoader.swift */,
				69B9CEAC1F72AED90070BD37 /* Info.plist */,
				69B9CEAD1F72AED90070BD37 /* KeyboardLayoutConstraint.swift */,
				69B9CEAE1F72AED90070BD37 /* LoadingView.swift */,
				69B9CEAF1F72AED90070BD37 /* LoadingView.xib */,
				69B9CEB01F72AED90070BD37 /* Misc.swift */,
				69B9CEB11F72AED90070BD37 /* SoundPlayer.swift */,
				69B9CEB21F72AED90070BD37 /* Spring.h */,
				69B9CEB31F72AED90070BD37 /* Spring.swift */,
				69B9CEB41F72AED90070BD37 /* SpringAnimation.swift */,
				69B9CEB51F72AED90070BD37 /* SpringButton.swift */,
				69B9CEB61F72AED90070BD37 /* SpringImageView.swift */,
				69B9CEB71F72AED90070BD37 /* SpringLabel.swift */,
				69B9CEB81F72AED90070BD37 /* SpringTextField.swift */,
				69B9CEB91F72AED90070BD37 /* SpringTextView.swift */,
				69B9CEBA1F72AED90070BD37 /* SpringView.swift */,
				69B9CEBB1F72AED90070BD37 /* TransitionManager.swift */,
				69B9CEBC1F72AED90070BD37 /* TransitionZoom.swift */,
				69B9CEBD1F72AED90070BD37 /* UnwindSegue.swift */,
			);
			path = Spring;
			sourceTree = "<group>";
		};
		69B9CEC01F72AED90070BD37 /* Models */ = {
			isa = PBXGroup;
			children = (
			);
			path = Models;
			sourceTree = "<group>";
		};
		69B9CEC11F72AED90070BD37 /* Controllers */ = {
			isa = PBXGroup;
			children = (
				69B9CEC21F72AED90070BD37 /* SignInViewController.swift */,
				69B9CEC31F72AED90070BD37 /* SignUpViewController.swift */,
			);
			path = Controllers;
			sourceTree = "<group>";
		};
/* End PBXGroup section */

/* Begin PBXNativeTarget section */
		69A259391F6D60D8000F67B0 /* Connectivity */ = {
			isa = PBXNativeTarget;
			buildConfigurationList = 69A2594C1F6D60D8000F67B0 /* Build configuration list for PBXNativeTarget "Connectivity" */;
			buildPhases = (
				69A259361F6D60D8000F67B0 /* Sources */,
				69A259371F6D60D8000F67B0 /* Frameworks */,
				69A259381F6D60D8000F67B0 /* Resources */,
			);
			buildRules = (
			);
			dependencies = (
			);
			name = Connectivity;
			productName = Connectivity;
			productReference = 69A2593A1F6D60D8000F67B0 /* Connectivity.app */;
			productType = "com.apple.product-type.application";
		};
/* End PBXNativeTarget section */

/* Begin PBXProject section */
		69A259321F6D60D8000F67B0 /* Project object */ = {
			isa = PBXProject;
			attributes = {
				LastSwiftUpdateCheck = 0830;
				LastUpgradeCheck = 0830;
				ORGANIZATIONNAME = "Danial Zahid";
				TargetAttributes = {
					69A259391F6D60D8000F67B0 = {
						CreatedOnToolsVersion = 8.3.3;
						ProvisioningStyle = Automatic;
					};
				};
			};
			buildConfigurationList = 69A259351F6D60D8000F67B0 /* Build configuration list for PBXProject "Connectivity" */;
			compatibilityVersion = "Xcode 3.2";
			developmentRegion = English;
			hasScannedForEncodings = 0;
			knownRegions = (
				en,
				Base,
			);
			mainGroup = 69A259311F6D60D8000F67B0;
			productRefGroup = 69A2593B1F6D60D8000F67B0 /* Products */;
			projectDirPath = "";
			projectRoot = "";
			targets = (
				69A259391F6D60D8000F67B0 /* Connectivity */,
			);
		};
/* End PBXProject section */

/* Begin PBXResourcesBuildPhase section */
		69A259381F6D60D8000F67B0 /* Resources */ = {
			isa = PBXResourcesBuildPhase;
			buildActionMask = 2147483647;
			files = (
				69B9CECA1F72AED90070BD37 /* Poppins-ExtraLight.ttf in Resources */,
				69B9CED31F72AED90070BD37 /* Poppins-SemiBoldItalic.ttf in Resources */,
				69B9CED01F72AED90070BD37 /* Poppins-MediumItalic.ttf in Resources */,
				69B9CECD1F72AED90070BD37 /* Poppins-Light.ttf in Resources */,
				69B9CEF51F72AED90070BD37 /* LoadingView.xib in Resources */,
				69B9CEC41F72AED90070BD37 /* Poppins-Black.ttf in Resources */,
				69B9CEC61F72AED90070BD37 /* Poppins-Bold.ttf in Resources */,
				69B9CEE31F72AED90070BD37 /* ScrollableDatepicker.xib in Resources */,
				69B9CED11F72AED90070BD37 /* Poppins-Regular.ttf in Resources */,
				69B9CEF21F72AED90070BD37 /* Info.plist in Resources */,
				69B9CEC71F72AED90070BD37 /* Poppins-BoldItalic.ttf in Resources */,
				69B9CEC91F72AED90070BD37 /* Poppins-ExtraBoldItalic.ttf in Resources */,
				69B9CED41F72AED90070BD37 /* Poppins-Thin.ttf in Resources */,
				69A259481F6D60D8000F67B0 /* LaunchScreen.storyboard in Resources */,
				69B9CECC1F72AED90070BD37 /* Poppins-Italic.ttf in Resources */,
				69B9CED51F72AED90070BD37 /* Poppins-ThinItalic.ttf in Resources */,
				69B9CECB1F72AED90070BD37 /* Poppins-ExtraLightItalic.ttf in Resources */,
				69B9CEE01F72AED90070BD37 /* DayCell.xib in Resources */,
				69B9CECF1F72AED90070BD37 /* Poppins-Medium.ttf in Resources */,
				69B9CECE1F72AED90070BD37 /* Poppins-LightItalic.ttf in Resources */,
				69B9CEC81F72AED90070BD37 /* Poppins-ExtraBold.ttf in Resources */,
				69B9CEC51F72AED90070BD37 /* Poppins-BlackItalic.ttf in Resources */,
				69B9CED21F72AED90070BD37 /* Poppins-SemiBold.ttf in Resources */,
				69A259451F6D60D8000F67B0 /* Assets.xcassets in Resources */,
				69A259431F6D60D8000F67B0 /* Main.storyboard in Resources */,
			);
			runOnlyForDeploymentPostprocessing = 0;
		};
/* End PBXResourcesBuildPhase section */

/* Begin PBXSourcesBuildPhase section */
		69A259361F6D60D8000F67B0 /* Sources */ = {
			isa = PBXSourcesBuildPhase;
			buildActionMask = 2147483647;
			files = (
				69B9CEF71F72AED90070BD37 /* SoundPlayer.swift in Sources */,
				69B9CEE41F72AED90070BD37 /* DZImageView.swift in Sources */,
				69B9CEFB1F72AED90070BD37 /* SpringImageView.swift in Sources */,
				69A2593E1F6D60D8000F67B0 /* AppDelegate.swift in Sources */,
				69B9CED71F72AED90070BD37 /* DoctorAppointmentCollectionViewCell.swift in Sources */,
				69B9CEF61F72AED90070BD37 /* Misc.swift in Sources */,
				69B9CF061F72AED90070BD37 /* SignUpViewController.swift in Sources */,
				69B9CEEA1F72AED90070BD37 /* DesignableButton.swift in Sources */,
				69B9CEE11F72AED90070BD37 /* LoadableFromXibView.swift in Sources */,
				69B9CEF11F72AED90070BD37 /* ImageLoader.swift in Sources */,
				69B9CEDC1F72AED90070BD37 /* ApplicationManager.swift in Sources */,
				69B9CEDA1F72AED90070BD37 /* PatientCollectionViewCell.swift in Sources */,
				69B9CEE61F72AED90070BD37 /* AsyncButton.swift in Sources */,
				69B9CF021F72AED90070BD37 /* UnwindSegue.swift in Sources */,
				69B9CED91F72AED90070BD37 /* LeftMenuTableViewCell.swift in Sources */,
				69B9CEE51F72AED90070BD37 /* Router.swift in Sources */,
				69B9CEEC1F72AED90070BD37 /* DesignableLabel.swift in Sources */,
				69B9CF011F72AED90070BD37 /* TransitionZoom.swift in Sources */,
				69B9CEFC1F72AED90070BD37 /* SpringLabel.swift in Sources */,
				69B9CF001F72AED90070BD37 /* TransitionManager.swift in Sources */,
				69B9CED81F72AED90070BD37 /* GradientView.swift in Sources */,
				69B9CEDE1F72AED90070BD37 /* Configuration.swift in Sources */,
				69B9CEDB1F72AED90070BD37 /* SearchDoctorCollectionViewCell.swift in Sources */,
				69B9CEEB1F72AED90070BD37 /* DesignableImageView.swift in Sources */,
				69B9CF051F72AED90070BD37 /* SignInViewController.swift in Sources */,
				69B9CEF91F72AED90070BD37 /* SpringAnimation.swift in Sources */,
				69B9CEED1F72AED90070BD37 /* DesignableTabBarController.swift in Sources */,
				69B9CEF01F72AED90070BD37 /* DesignableView.swift in Sources */,
				69B9CEE81F72AED90070BD37 /* AutoTextView.swift in Sources */,
				69B9CEEF1F72AED90070BD37 /* DesignableTextView.swift in Sources */,
				69B9CED61F72AED90070BD37 /* AnnouncementCollectionViewCell.swift in Sources */,
				69B9CF031F72AED90070BD37 /* Styles.swift in Sources */,
				69B9CEE71F72AED90070BD37 /* AsyncImageView.swift in Sources */,
				69B9CEEE1F72AED90070BD37 /* DesignableTextField.swift in Sources */,
				69B9CEFE1F72AED90070BD37 /* SpringTextView.swift in Sources */,
				69B9CEDD1F72AED90070BD37 /* Constants.swift in Sources */,
				69B9CEFD1F72AED90070BD37 /* SpringTextField.swift in Sources */,
				69B9CEF81F72AED90070BD37 /* Spring.swift in Sources */,
				69B9CEE91F72AED90070BD37 /* BlurView.swift in Sources */,
				69B9CEF41F72AED90070BD37 /* LoadingView.swift in Sources */,
				69B9CEFA1F72AED90070BD37 /* SpringButton.swift in Sources */,
				69B9CEF31F72AED90070BD37 /* KeyboardLayoutConstraint.swift in Sources */,
				69B9CEE21F72AED90070BD37 /* ScrollableDatepicker.swift in Sources */,
				69B9CEDF1F72AED90070BD37 /* DayCell.swift in Sources */,
				69B9CF041F72AED90070BD37 /* UtilityManager.swift in Sources */,
				69B9CEFF1F72AED90070BD37 /* SpringView.swift in Sources */,
			);
			runOnlyForDeploymentPostprocessing = 0;
		};
/* End PBXSourcesBuildPhase section */

/* Begin PBXVariantGroup section */
		69A259411F6D60D8000F67B0 /* Main.storyboard */ = {
			isa = PBXVariantGroup;
			children = (
				69A259421F6D60D8000F67B0 /* Base */,
			);
			name = Main.storyboard;
			sourceTree = "<group>";
		};
		69A259461F6D60D8000F67B0 /* LaunchScreen.storyboard */ = {
			isa = PBXVariantGroup;
			children = (
				69A259471F6D60D8000F67B0 /* Base */,
			);
			name = LaunchScreen.storyboard;
			sourceTree = "<group>";
		};
/* End PBXVariantGroup section */

/* Begin XCBuildConfiguration section */
		69A2594A1F6D60D8000F67B0 /* Debug */ = {
			isa = XCBuildConfiguration;
			buildSettings = {
				ALWAYS_SEARCH_USER_PATHS = NO;
				CLANG_ANALYZER_NONNULL = YES;
				CLANG_ANALYZER_NUMBER_OBJECT_CONVERSION = YES_AGGRESSIVE;
				CLANG_CXX_LANGUAGE_STANDARD = "gnu++0x";
				CLANG_CXX_LIBRARY = "libc++";
				CLANG_ENABLE_MODULES = YES;
				CLANG_ENABLE_OBJC_ARC = YES;
				CLANG_WARN_BOOL_CONVERSION = YES;
				CLANG_WARN_CONSTANT_CONVERSION = YES;
				CLANG_WARN_DIRECT_OBJC_ISA_USAGE = YES_ERROR;
				CLANG_WARN_DOCUMENTATION_COMMENTS = YES;
				CLANG_WARN_EMPTY_BODY = YES;
				CLANG_WARN_ENUM_CONVERSION = YES;
				CLANG_WARN_INFINITE_RECURSION = YES;
				CLANG_WARN_INT_CONVERSION = YES;
				CLANG_WARN_OBJC_ROOT_CLASS = YES_ERROR;
				CLANG_WARN_SUSPICIOUS_MOVE = YES;
				CLANG_WARN_UNREACHABLE_CODE = YES;
				CLANG_WARN__DUPLICATE_METHOD_MATCH = YES;
				"CODE_SIGN_IDENTITY[sdk=iphoneos*]" = "iPhone Developer";
				COPY_PHASE_STRIP = NO;
				DEBUG_INFORMATION_FORMAT = dwarf;
				ENABLE_STRICT_OBJC_MSGSEND = YES;
				ENABLE_TESTABILITY = YES;
				GCC_C_LANGUAGE_STANDARD = gnu99;
				GCC_DYNAMIC_NO_PIC = NO;
				GCC_NO_COMMON_BLOCKS = YES;
				GCC_OPTIMIZATION_LEVEL = 0;
				GCC_PREPROCESSOR_DEFINITIONS = (
					"DEBUG=1",
					"$(inherited)",
				);
				GCC_WARN_64_TO_32_BIT_CONVERSION = YES;
				GCC_WARN_ABOUT_RETURN_TYPE = YES_ERROR;
				GCC_WARN_UNDECLARED_SELECTOR = YES;
				GCC_WARN_UNINITIALIZED_AUTOS = YES_AGGRESSIVE;
				GCC_WARN_UNUSED_FUNCTION = YES;
				GCC_WARN_UNUSED_VARIABLE = YES;
				IPHONEOS_DEPLOYMENT_TARGET = 10.3;
				MTL_ENABLE_DEBUG_INFO = YES;
				ONLY_ACTIVE_ARCH = YES;
				SDKROOT = iphoneos;
				SWIFT_ACTIVE_COMPILATION_CONDITIONS = DEBUG;
				SWIFT_OPTIMIZATION_LEVEL = "-Onone";
				TARGETED_DEVICE_FAMILY = "1,2";
			};
			name = Debug;
		};
		69A2594B1F6D60D8000F67B0 /* Release */ = {
			isa = XCBuildConfiguration;
			buildSettings = {
				ALWAYS_SEARCH_USER_PATHS = NO;
				CLANG_ANALYZER_NONNULL = YES;
				CLANG_ANALYZER_NUMBER_OBJECT_CONVERSION = YES_AGGRESSIVE;
				CLANG_CXX_LANGUAGE_STANDARD = "gnu++0x";
				CLANG_CXX_LIBRARY = "libc++";
				CLANG_ENABLE_MODULES = YES;
				CLANG_ENABLE_OBJC_ARC = YES;
				CLANG_WARN_BOOL_CONVERSION = YES;
				CLANG_WARN_CONSTANT_CONVERSION = YES;
				CLANG_WARN_DIRECT_OBJC_ISA_USAGE = YES_ERROR;
				CLANG_WARN_DOCUMENTATION_COMMENTS = YES;
				CLANG_WARN_EMPTY_BODY = YES;
				CLANG_WARN_ENUM_CONVERSION = YES;
				CLANG_WARN_INFINITE_RECURSION = YES;
				CLANG_WARN_INT_CONVERSION = YES;
				CLANG_WARN_OBJC_ROOT_CLASS = YES_ERROR;
				CLANG_WARN_SUSPICIOUS_MOVE = YES;
				CLANG_WARN_UNREACHABLE_CODE = YES;
				CLANG_WARN__DUPLICATE_METHOD_MATCH = YES;
				"CODE_SIGN_IDENTITY[sdk=iphoneos*]" = "iPhone Developer";
				COPY_PHASE_STRIP = NO;
				DEBUG_INFORMATION_FORMAT = "dwarf-with-dsym";
				ENABLE_NS_ASSERTIONS = NO;
				ENABLE_STRICT_OBJC_MSGSEND = YES;
				GCC_C_LANGUAGE_STANDARD = gnu99;
				GCC_NO_COMMON_BLOCKS = YES;
				GCC_WARN_64_TO_32_BIT_CONVERSION = YES;
				GCC_WARN_ABOUT_RETURN_TYPE = YES_ERROR;
				GCC_WARN_UNDECLARED_SELECTOR = YES;
				GCC_WARN_UNINITIALIZED_AUTOS = YES_AGGRESSIVE;
				GCC_WARN_UNUSED_FUNCTION = YES;
				GCC_WARN_UNUSED_VARIABLE = YES;
				IPHONEOS_DEPLOYMENT_TARGET = 10.3;
				MTL_ENABLE_DEBUG_INFO = NO;
				SDKROOT = iphoneos;
				SWIFT_OPTIMIZATION_LEVEL = "-Owholemodule";
				TARGETED_DEVICE_FAMILY = "1,2";
				VALIDATE_PRODUCT = YES;
			};
			name = Release;
		};
		69A2594D1F6D60D8000F67B0 /* Debug */ = {
			isa = XCBuildConfiguration;
			buildSettings = {
				ASSETCATALOG_COMPILER_APPICON_NAME = AppIcon;
				INFOPLIST_FILE = Connectivity/Info.plist;
				LD_RUNPATH_SEARCH_PATHS = "$(inherited) @executable_path/Frameworks";
				PRODUCT_BUNDLE_IDENTIFIER = com.danialzahid.Connectivity;
				PRODUCT_NAME = "$(TARGET_NAME)";
				SWIFT_VERSION = 3.0;
			};
			name = Debug;
		};
		69A2594E1F6D60D8000F67B0 /* Release */ = {
			isa = XCBuildConfiguration;
			buildSettings = {
				ASSETCATALOG_COMPILER_APPICON_NAME = AppIcon;
				INFOPLIST_FILE = Connectivity/Info.plist;
				LD_RUNPATH_SEARCH_PATHS = "$(inherited) @executable_path/Frameworks";
				PRODUCT_BUNDLE_IDENTIFIER = com.danialzahid.Connectivity;
				PRODUCT_NAME = "$(TARGET_NAME)";
				SWIFT_VERSION = 3.0;
			};
			name = Release;
		};
/* End XCBuildConfiguration section */

/* Begin XCConfigurationList section */
		69A259351F6D60D8000F67B0 /* Build configuration list for PBXProject "Connectivity" */ = {
			isa = XCConfigurationList;
			buildConfigurations = (
				69A2594A1F6D60D8000F67B0 /* Debug */,
				69A2594B1F6D60D8000F67B0 /* Release */,
			);
			defaultConfigurationIsVisible = 0;
			defaultConfigurationName = Release;
		};
		69A2594C1F6D60D8000F67B0 /* Build configuration list for PBXNativeTarget "Connectivity" */ = {
			isa = XCConfigurationList;
			buildConfigurations = (
				69A2594D1F6D60D8000F67B0 /* Debug */,
				69A2594E1F6D60D8000F67B0 /* Release */,
			);
			defaultConfigurationIsVisible = 0;
			defaultConfigurationName = Release;
		};
/* End XCConfigurationList section */
	};
	rootObject = 69A259321F6D60D8000F67B0 /* Project object */;
}
